
Microsoft Visual Studio Solution File, Format Version 12.00
# Visual Studio Version 16
VisualStudioVersion = 16.0.32602.291
MinimumVisualStudioVersion = 10.0.40219.1
Project("{FAE04EC0-301F-11D3-BF4B-00C04F79EFBC}") = "Aspi.Net-intro", "Aspi.Net-intro\Aspi.Net-intro.csproj", "{5D73E4F7-1F20-4878-9833-9D8638513624}"
EndProject
Global
	GlobalSection(SolutionConfigurationPlatforms) = preSolution
		Debug|Any CPU = Debug|Any CPU
		Release|Any CPU = Release|Any CPU
	EndGlobalSection
	GlobalSection(ProjectConfigurationPlatforms) = postSolution
		{5D73E4F7-1F20-4878-9833-9D8638513624}.Debug|Any CPU.ActiveCfg = Debug|Any CPU
		{5D73E4F7-1F20-4878-9833-9D8638513624}.Debug|Any CPU.Build.0 = Debug|Any CPU
		{5D73E4F7-1F20-4878-9833-9D8638513624}.Release|Any CPU.ActiveCfg = Release|Any CPU
		{5D73E4F7-1F20-4878-9833-9D8638513624}.Release|Any CPU.Build.0 = Release|Any CPU
	EndGlobalSection
	GlobalSection(SolutionProperties) = preSolution
		HideSolutionNode = FALSE
	EndGlobalSection
	GlobalSection(ExtensibilityGlobals) = postSolution
		SolutionGuid = {B35F4AFC-A4AB-4F60-9749-69AE24E5B1C7}
	EndGlobalSection
EndGlobal
